
Microsoft Visual Studio Solution File, Format Version 12.00
# Visual Studio Version 17
VisualStudioVersion = 17.10.35122.118
MinimumVisualStudioVersion = 10.0.40219.1
Project("{8BC9CEB8-8B4A-11D0-8D11-00A0C91BC942}") = "ConsoleApplication1", "ConsoleApplication1\ConsoleApplication1.vcxproj", "{ADA049A3-6BA7-436B-B03D-5FB095CE7667}"
EndProject
Global
	GlobalSection(SolutionConfigurationPlatforms) = preSolution
		Debug|x64 = Debug|x64
		Debug|x86 = Debug|x86
		Release|x64 = Release|x64
		Release|x86 = Release|x86
	EndGlobalSection
	GlobalSection(ProjectConfigurationPlatforms) = postSolution
		{ADA049A3-6BA7-436B-B03D-5FB095CE7667}.Debug|x64.ActiveCfg = Debug|x64
		{ADA049A3-6BA7-436B-B03D-5FB095CE7667}.Debug|x64.Build.0 = Debug|x64
		{ADA049A3-6BA7-436B-B03D-5FB095CE7667}.Debug|x86.ActiveCfg = Debug|Win32
		{ADA049A3-6BA7-436B-B03D-5FB095CE7667}.Debug|x86.Build.0 = Debug|Win32
		{ADA049A3-6BA7-436B-B03D-5FB095CE7667}.Release|x64.ActiveCfg = Release|x64
		{ADA049A3-6BA7-436B-B03D-5FB095CE7667}.Release|x64.Build.0 = Release|x64
		{ADA049A3-6BA7-436B-B03D-5FB095CE7667}.Release|x86.ActiveCfg = Release|Win32
		{ADA049A3-6BA7-436B-B03D-5FB095CE7667}.Release|x86.Build.0 = Release|Win32
	EndGlobalSection
	GlobalSection(SolutionProperties) = preSolution
		HideSolutionNode = FALSE
	EndGlobalSection
	GlobalSection(ExtensibilityGlobals) = postSolution
		SolutionGuid = {95A5EED6-1B60-41D9-A1A8-6B7A13B058EE}
	EndGlobalSection
EndGlobal
